
Microsoft Visual Studio Solution File, Format Version 12.00
# Visual Studio Version 16
VisualStudioVersion = 16.0.29519.181
MinimumVisualStudioVersion = 10.0.40219.1
Project("{9A19103F-16F7-4668-BE54-9A1E7A4F7556}") = "ConsultingCompany.Lib", "ConsultingCompany.Lib\ConsultingCompany.Lib.csproj", "{D68F7D14-3654-4D34-B6BF-023BA2F0FCE6}"
EndProject
Project("{FAE04EC0-301F-11D3-BF4B-00C04F79EFBC}") = "ConsultingCompany.DataStore", "ConsultingCompany.DataStore\ConsultingCompany.DataStore.csproj", "{7667144C-EE90-45A4-B370-22BA43816B8D}"
EndProject
Global
	GlobalSection(SolutionConfigurationPlatforms) = preSolution
		Debug|Any CPU = Debug|Any CPU
		Release|Any CPU = Release|Any CPU
	EndGlobalSection
	GlobalSection(ProjectConfigurationPlatforms) = postSolution
		{D68F7D14-3654-4D34-B6BF-023BA2F0FCE6}.Debug|Any CPU.ActiveCfg = Debug|Any CPU
		{D68F7D14-3654-4D34-B6BF-023BA2F0FCE6}.Debug|Any CPU.Build.0 = Debug|Any CPU
		{D68F7D14-3654-4D34-B6BF-023BA2F0FCE6}.Release|Any CPU.ActiveCfg = Release|Any CPU
		{D68F7D14-3654-4D34-B6BF-023BA2F0FCE6}.Release|Any CPU.Build.0 = Release|Any CPU
		{7667144C-EE90-45A4-B370-22BA43816B8D}.Debug|Any CPU.ActiveCfg = Debug|Any CPU
		{7667144C-EE90-45A4-B370-22BA43816B8D}.Debug|Any CPU.Build.0 = Debug|Any CPU
		{7667144C-EE90-45A4-B370-22BA43816B8D}.Release|Any CPU.ActiveCfg = Release|Any CPU
		{7667144C-EE90-45A4-B370-22BA43816B8D}.Release|Any CPU.Build.0 = Release|Any CPU
	EndGlobalSection
	GlobalSection(SolutionProperties) = preSolution
		HideSolutionNode = FALSE
	EndGlobalSection
	GlobalSection(ExtensibilityGlobals) = postSolution
		SolutionGuid = {C216AF89-C329-4366-A80C-532D9973AFD1}
	EndGlobalSection
EndGlobal
